
Microsoft Visual Studio Solution File, Format Version 12.00
# Visual Studio Version 16
VisualStudioVersion = 16.0.31702.278
MinimumVisualStudioVersion = 10.0.40219.1
Project("{FAE04EC0-301F-11D3-BF4B-00C04F79EFBC}") = "TesteDeConhecimento", "TesteDeConhecimento.csproj", "{A4DA7766-2CC4-43A5-9167-8128214B4708}"
EndProject
Global
	GlobalSection(SolutionConfigurationPlatforms) = preSolution
		Debug|Any CPU = Debug|Any CPU
		Release|Any CPU = Release|Any CPU
	EndGlobalSection
	GlobalSection(ProjectConfigurationPlatforms) = postSolution
		{A4DA7766-2CC4-43A5-9167-8128214B4708}.Debug|Any CPU.ActiveCfg = Debug|Any CPU
		{A4DA7766-2CC4-43A5-9167-8128214B4708}.Debug|Any CPU.Build.0 = Debug|Any CPU
		{A4DA7766-2CC4-43A5-9167-8128214B4708}.Release|Any CPU.ActiveCfg = Release|Any CPU
		{A4DA7766-2CC4-43A5-9167-8128214B4708}.Release|Any CPU.Build.0 = Release|Any CPU
	EndGlobalSection
	GlobalSection(SolutionProperties) = preSolution
		HideSolutionNode = FALSE
	EndGlobalSection
	GlobalSection(ExtensibilityGlobals) = postSolution
		SolutionGuid = {D512DB4D-EBCC-47EB-9209-B7DE509E3E61}
	EndGlobalSection
EndGlobal
